# This file is @generated by PDM.
# It is not intended for manual editing.

[[package]]
name = "dep-pkg"
version = "0.1.0"
requires_python = ">=3.11"
path = "../dep-pkg"
summary = "Some local dependency."
dependencies = [
    "structlog>=23.1.0",
]

[[package]]
name = "pytz-deprecation-shim"
version = "0.1.0.post0"
requires_python = "!=3.0.*,!=3.1.*,!=3.2.*,!=3.3.*,!=3.4.*,!=3.5.*,>=2.7"
summary = "Shims to make deprecation of pytz easier"
dependencies = [
    "tzdata; python_version >= \"3.6\"",
]

[[package]]
name = "structlog"
version = "23.1.0"
requires_python = ">=3.7"
summary = "Structured Logging for Python"

[[package]]
name = "tzdata"
version = "2023.3"
requires_python = ">=2"
summary = "Provider of IANA time zone data"

[[package]]
name = "tzlocal"
version = "4.2"
requires_python = ">=3.6"
summary = "tzinfo object for the local timezone"
dependencies = [
    "pytz-deprecation-shim",
    "tzdata; platform_system == \"Windows\"",
]

[metadata]
lock_version = "4.2"
cross_platform = true
groups = ["default"]
content_hash = "sha256:5b7e7bc61d193d6f69e491874858aa67ab8191f7d0f562b8a662adef48a60cd4"

[metadata.files]
"pytz-deprecation-shim 0.1.0.post0" = [
    {url = "https://files.pythonhosted.org/packages/94/f0/909f94fea74759654390a3e1a9e4e185b6cd9aa810e533e3586f39da3097/pytz_deprecation_shim-0.1.0.post0.tar.gz", hash = "sha256:af097bae1b616dde5c5744441e2ddc69e74dfdcb0c263129610d85b87445a59d"},
    {url = "https://files.pythonhosted.org/packages/eb/73/3eaab547ca809754e67e06871cff0fc962bafd4b604e15f31896a0f94431/pytz_deprecation_shim-0.1.0.post0-py2.py3-none-any.whl", hash = "sha256:8314c9692a636c8eb3bda879b9f119e350e93223ae83e70e80c31675a0fdc1a6"},
]
"structlog 23.1.0" = [
    {url = "https://files.pythonhosted.org/packages/0c/b2/0c0951c78f3f59ce44e93cb9b2140d305a00bb8262532041c702d4d4300a/structlog-23.1.0-py3-none-any.whl", hash = "sha256:79b9e68e48b54e373441e130fa447944e6f87a05b35de23138e475c05d0f7e0e"},
    {url = "https://files.pythonhosted.org/packages/9e/c4/688d14600f3a8afa31816ac95220f2548648e292c3ff2262057aa51ac2fb/structlog-23.1.0.tar.gz", hash = "sha256:270d681dd7d163c11ba500bc914b2472d2b50a8ef00faa999ded5ff83a2f906b"},
]
"tzdata 2023.3" = [
    {url = "https://files.pythonhosted.org/packages/70/e5/81f99b9fced59624562ab62a33df639a11b26c582be78864b339dafa420d/tzdata-2023.3.tar.gz", hash = "sha256:11ef1e08e54acb0d4f95bdb1be05da659673de4acbd21bf9c69e94cc5e907a3a"},
    {url = "https://files.pythonhosted.org/packages/d5/fb/a79efcab32b8a1f1ddca7f35109a50e4a80d42ac1c9187ab46522b2407d7/tzdata-2023.3-py2.py3-none-any.whl", hash = "sha256:7e65763eef3120314099b6939b5546db7adce1e7d6f2e179e3df563c70511eda"},
]
"tzlocal 4.2" = [
    {url = "https://files.pythonhosted.org/packages/31/b7/3bc2c1868f27677139b772e4fde95265b93151912fd90eb874827943bfcf/tzlocal-4.2-py3-none-any.whl", hash = "sha256:89885494684c929d9191c57aa27502afc87a579be5cdd3225c77c463ea043745"},
    {url = "https://files.pythonhosted.org/packages/7d/b9/164d5f510e0547ae92280d0ca4a90407a15625901afbb9f57a19d9acd9eb/tzlocal-4.2.tar.gz", hash = "sha256:ee5842fa3a795f023514ac2d801c4a81d1743bbe642e3940143326b3a00addd7"},
]
